
Microsoft Visual Studio Solution File, Format Version 12.00
# Visual Studio 15
VisualStudioVersion = 15.0.26124.0
MinimumVisualStudioVersion = 15.0.26124.0
Project("{FAE04EC0-301F-11D3-BF4B-00C04F79EFBC}") = "Domain", "Domain\Domain.csproj", "{F42828EA-C433-4B46-8FF3-E51A3813FCE5}"
EndProject
Project("{FAE04EC0-301F-11D3-BF4B-00C04F79EFBC}") = "Application", "Application\Application.csproj", "{19C8CC7B-AD88-4151-8254-D9BEC563C410}"
EndProject
Project("{FAE04EC0-301F-11D3-BF4B-00C04F79EFBC}") = "Persistance", "Persistance\Persistance.csproj", "{D720487E-1CCA-4614-A794-4ED68CECCADF}"
EndProject
Project("{FAE04EC0-301F-11D3-BF4B-00C04F79EFBC}") = "API", "API\API.csproj", "{9DC9876F-0B42-415B-AB68-717FBDB4C491}"
EndProject
Global
	GlobalSection(SolutionConfigurationPlatforms) = preSolution
		Debug|Any CPU = Debug|Any CPU
		Debug|x64 = Debug|x64
		Debug|x86 = Debug|x86
		Release|Any CPU = Release|Any CPU
		Release|x64 = Release|x64
		Release|x86 = Release|x86
	EndGlobalSection
	GlobalSection(SolutionProperties) = preSolution
		HideSolutionNode = FALSE
	EndGlobalSection
	GlobalSection(ProjectConfigurationPlatforms) = postSolution
		{F42828EA-C433-4B46-8FF3-E51A3813FCE5}.Debug|Any CPU.ActiveCfg = Debug|Any CPU
		{F42828EA-C433-4B46-8FF3-E51A3813FCE5}.Debug|Any CPU.Build.0 = Debug|Any CPU
		{F42828EA-C433-4B46-8FF3-E51A3813FCE5}.Debug|x64.ActiveCfg = Debug|Any CPU
		{F42828EA-C433-4B46-8FF3-E51A3813FCE5}.Debug|x64.Build.0 = Debug|Any CPU
		{F42828EA-C433-4B46-8FF3-E51A3813FCE5}.Debug|x86.ActiveCfg = Debug|Any CPU
		{F42828EA-C433-4B46-8FF3-E51A3813FCE5}.Debug|x86.Build.0 = Debug|Any CPU
		{F42828EA-C433-4B46-8FF3-E51A3813FCE5}.Release|Any CPU.ActiveCfg = Release|Any CPU
		{F42828EA-C433-4B46-8FF3-E51A3813FCE5}.Release|Any CPU.Build.0 = Release|Any CPU
		{F42828EA-C433-4B46-8FF3-E51A3813FCE5}.Release|x64.ActiveCfg = Release|Any CPU
		{F42828EA-C433-4B46-8FF3-E51A3813FCE5}.Release|x64.Build.0 = Release|Any CPU
		{F42828EA-C433-4B46-8FF3-E51A3813FCE5}.Release|x86.ActiveCfg = Release|Any CPU
		{F42828EA-C433-4B46-8FF3-E51A3813FCE5}.Release|x86.Build.0 = Release|Any CPU
		{19C8CC7B-AD88-4151-8254-D9BEC563C410}.Debug|Any CPU.ActiveCfg = Debug|Any CPU
		{19C8CC7B-AD88-4151-8254-D9BEC563C410}.Debug|Any CPU.Build.0 = Debug|Any CPU
		{19C8CC7B-AD88-4151-8254-D9BEC563C410}.Debug|x64.ActiveCfg = Debug|Any CPU
		{19C8CC7B-AD88-4151-8254-D9BEC563C410}.Debug|x64.Build.0 = Debug|Any CPU
		{19C8CC7B-AD88-4151-8254-D9BEC563C410}.Debug|x86.ActiveCfg = Debug|Any CPU
		{19C8CC7B-AD88-4151-8254-D9BEC563C410}.Debug|x86.Build.0 = Debug|Any CPU
		{19C8CC7B-AD88-4151-8254-D9BEC563C410}.Release|Any CPU.ActiveCfg = Release|Any CPU
		{19C8CC7B-AD88-4151-8254-D9BEC563C410}.Release|Any CPU.Build.0 = Release|Any CPU
		{19C8CC7B-AD88-4151-8254-D9BEC563C410}.Release|x64.ActiveCfg = Release|Any CPU
		{19C8CC7B-AD88-4151-8254-D9BEC563C410}.Release|x64.Build.0 = Release|Any CPU
		{19C8CC7B-AD88-4151-8254-D9BEC563C410}.Release|x86.ActiveCfg = Release|Any CPU
		{19C8CC7B-AD88-4151-8254-D9BEC563C410}.Release|x86.Build.0 = Release|Any CPU
		{D720487E-1CCA-4614-A794-4ED68CECCADF}.Debug|Any CPU.ActiveCfg = Debug|Any CPU
		{D720487E-1CCA-4614-A794-4ED68CECCADF}.Debug|Any CPU.Build.0 = Debug|Any CPU
		{D720487E-1CCA-4614-A794-4ED68CECCADF}.Debug|x64.ActiveCfg = Debug|Any CPU
		{D720487E-1CCA-4614-A794-4ED68CECCADF}.Debug|x64.Build.0 = Debug|Any CPU
		{D720487E-1CCA-4614-A794-4ED68CECCADF}.Debug|x86.ActiveCfg = Debug|Any CPU
		{D720487E-1CCA-4614-A794-4ED68CECCADF}.Debug|x86.Build.0 = Debug|Any CPU
		{D720487E-1CCA-4614-A794-4ED68CECCADF}.Release|Any CPU.ActiveCfg = Release|Any CPU
		{D720487E-1CCA-4614-A794-4ED68CECCADF}.Release|Any CPU.Build.0 = Release|Any CPU
		{D720487E-1CCA-4614-A794-4ED68CECCADF}.Release|x64.ActiveCfg = Release|Any CPU
		{D720487E-1CCA-4614-A794-4ED68CECCADF}.Release|x64.Build.0 = Release|Any CPU
		{D720487E-1CCA-4614-A794-4ED68CECCADF}.Release|x86.ActiveCfg = Release|Any CPU
		{D720487E-1CCA-4614-A794-4ED68CECCADF}.Release|x86.Build.0 = Release|Any CPU
		{9DC9876F-0B42-415B-AB68-717FBDB4C491}.Debug|Any CPU.ActiveCfg = Debug|Any CPU
		{9DC9876F-0B42-415B-AB68-717FBDB4C491}.Debug|Any CPU.Build.0 = Debug|Any CPU
		{9DC9876F-0B42-415B-AB68-717FBDB4C491}.Debug|x64.ActiveCfg = Debug|Any CPU
		{9DC9876F-0B42-415B-AB68-717FBDB4C491}.Debug|x64.Build.0 = Debug|Any CPU
		{9DC9876F-0B42-415B-AB68-717FBDB4C491}.Debug|x86.ActiveCfg = Debug|Any CPU
		{9DC9876F-0B42-415B-AB68-717FBDB4C491}.Debug|x86.Build.0 = Debug|Any CPU
		{9DC9876F-0B42-415B-AB68-717FBDB4C491}.Release|Any CPU.ActiveCfg = Release|Any CPU
		{9DC9876F-0B42-415B-AB68-717FBDB4C491}.Release|Any CPU.Build.0 = Release|Any CPU
		{9DC9876F-0B42-415B-AB68-717FBDB4C491}.Release|x64.ActiveCfg = Release|Any CPU
		{9DC9876F-0B42-415B-AB68-717FBDB4C491}.Release|x64.Build.0 = Release|Any CPU
		{9DC9876F-0B42-415B-AB68-717FBDB4C491}.Release|x86.ActiveCfg = Release|Any CPU
		{9DC9876F-0B42-415B-AB68-717FBDB4C491}.Release|x86.Build.0 = Release|Any CPU
	EndGlobalSection
EndGlobal
